
Microsoft Visual Studio Solution File, Format Version 12.00
# Visual Studio 2012
Project("{FAE04EC0-301F-11D3-BF4B-00C04F79EFBC}") = "CallWall", "src\CallWall\CallWall.csproj", "{06D674A4-36F1-4FAB-B23C-FD4D0A0B7E57}"
EndProject
Project("{2150E333-8FDC-42A3-9474-1A3956D46DE8}") = "Solution Items", "Solution Items", "{D4A3BB64-3266-43BD-B256-8AC98BFF4CE7}"
	ProjectSection(SolutionItems) = preProject
		BuildTestPublish.bat = BuildTestPublish.bat
		CallWall.Windows.build = CallWall.Windows.build
		tools\MSBuild.Community.Tasks.targets = tools\MSBuild.Community.Tasks.targets
	EndProjectSection
EndProject
Project("{FAE04EC0-301F-11D3-BF4B-00C04F79EFBC}") = "CallWall.Core.UnitTests", "src\CallWall.Core.UnitTests\CallWall.Core.UnitTests.csproj", "{1FF86383-9A6D-4D45-A81D-94EFBD6DAE84}"
EndProject
Project("{FAE04EC0-301F-11D3-BF4B-00C04F79EFBC}") = "CallWall.Core", "src\CallWall.Core\CallWall.Core.csproj", "{ACA46894-EB1C-448B-92D2-24D003B26F07}"
EndProject
Project("{2150E333-8FDC-42A3-9474-1A3956D46DE8}") = "Tests", "Tests", "{F4E4C9DE-49C4-4C0D-B7A7-EED8FD92D2B2}"
EndProject
Project("{2150E333-8FDC-42A3-9474-1A3956D46DE8}") = ".nuget", ".nuget", "{ED891D2D-C7D7-4521-8C24-0F0BB438D571}"
	ProjectSection(SolutionItems) = preProject
		.nuget\NuGet.Config = .nuget\NuGet.Config
		.nuget\NuGet.exe = .nuget\NuGet.exe
		.nuget\NuGet.targets = .nuget\NuGet.targets
	EndProjectSection
EndProject
Project("{FAE04EC0-301F-11D3-BF4B-00C04F79EFBC}") = "CallWall.UnitTests", "src\CallWall.UnitTests\CallWall.UnitTests.csproj", "{578B0A79-92AC-49EE-A8D8-014F98AEEAA7}"
EndProject
Project("{FAE04EC0-301F-11D3-BF4B-00C04F79EFBC}") = "CallWall.Google", "src\CallWall.Google\CallWall.Google.csproj", "{62351821-7438-4898-987E-8DEBAB0D66EE}"
EndProject
Global
	GlobalSection(SolutionConfigurationPlatforms) = preSolution
		Debug|Any CPU = Debug|Any CPU
		Release|Any CPU = Release|Any CPU
	EndGlobalSection
	GlobalSection(ProjectConfigurationPlatforms) = postSolution
		{06D674A4-36F1-4FAB-B23C-FD4D0A0B7E57}.Debug|Any CPU.ActiveCfg = Debug|Any CPU
		{06D674A4-36F1-4FAB-B23C-FD4D0A0B7E57}.Debug|Any CPU.Build.0 = Debug|Any CPU
		{06D674A4-36F1-4FAB-B23C-FD4D0A0B7E57}.Release|Any CPU.ActiveCfg = Release|Any CPU
		{06D674A4-36F1-4FAB-B23C-FD4D0A0B7E57}.Release|Any CPU.Build.0 = Release|Any CPU
		{1FF86383-9A6D-4D45-A81D-94EFBD6DAE84}.Debug|Any CPU.ActiveCfg = Debug|Any CPU
		{1FF86383-9A6D-4D45-A81D-94EFBD6DAE84}.Debug|Any CPU.Build.0 = Debug|Any CPU
		{1FF86383-9A6D-4D45-A81D-94EFBD6DAE84}.Release|Any CPU.ActiveCfg = Release|Any CPU
		{1FF86383-9A6D-4D45-A81D-94EFBD6DAE84}.Release|Any CPU.Build.0 = Release|Any CPU
		{ACA46894-EB1C-448B-92D2-24D003B26F07}.Debug|Any CPU.ActiveCfg = Debug|Any CPU
		{ACA46894-EB1C-448B-92D2-24D003B26F07}.Debug|Any CPU.Build.0 = Debug|Any CPU
		{ACA46894-EB1C-448B-92D2-24D003B26F07}.Release|Any CPU.ActiveCfg = Release|Any CPU
		{ACA46894-EB1C-448B-92D2-24D003B26F07}.Release|Any CPU.Build.0 = Release|Any CPU
		{578B0A79-92AC-49EE-A8D8-014F98AEEAA7}.Debug|Any CPU.ActiveCfg = Debug|Any CPU
		{578B0A79-92AC-49EE-A8D8-014F98AEEAA7}.Debug|Any CPU.Build.0 = Debug|Any CPU
		{578B0A79-92AC-49EE-A8D8-014F98AEEAA7}.Release|Any CPU.ActiveCfg = Release|Any CPU
		{578B0A79-92AC-49EE-A8D8-014F98AEEAA7}.Release|Any CPU.Build.0 = Release|Any CPU
		{62351821-7438-4898-987E-8DEBAB0D66EE}.Debug|Any CPU.ActiveCfg = Debug|Any CPU
		{62351821-7438-4898-987E-8DEBAB0D66EE}.Debug|Any CPU.Build.0 = Debug|Any CPU
		{62351821-7438-4898-987E-8DEBAB0D66EE}.Release|Any CPU.ActiveCfg = Release|Any CPU
		{62351821-7438-4898-987E-8DEBAB0D66EE}.Release|Any CPU.Build.0 = Release|Any CPU
	EndGlobalSection
	GlobalSection(SolutionProperties) = preSolution
		HideSolutionNode = FALSE
	EndGlobalSection
	GlobalSection(NestedProjects) = preSolution
		{1FF86383-9A6D-4D45-A81D-94EFBD6DAE84} = {F4E4C9DE-49C4-4C0D-B7A7-EED8FD92D2B2}
		{578B0A79-92AC-49EE-A8D8-014F98AEEAA7} = {F4E4C9DE-49C4-4C0D-B7A7-EED8FD92D2B2}
	EndGlobalSection
	GlobalSection(ExtensibilityGlobals) = postSolution
		EnterpriseLibraryConfigurationToolBinariesPath = packages\Unity.2.1.505.2\lib\NET35
	EndGlobalSection
EndGlobal
