
Microsoft Visual Studio Solution File, Format Version 12.00
# Visual Studio 2012
Project("{FAE04EC0-301F-11D3-BF4B-00C04F79EFBC}") = "CallWall", "src\CallWall\CallWall.csproj", "{06D674A4-36F1-4FAB-B23C-FD4D0A0B7E57}"
EndProject
Project("{2150E333-8FDC-42A3-9474-1A3956D46DE8}") = "Solution Items", "Solution Items", "{D4A3BB64-3266-43BD-B256-8AC98BFF4CE7}"
	ProjectSection(SolutionItems) = preProject
		BuildTestPublish.bat = BuildTestPublish.bat
		CallWall.Windows.build = CallWall.Windows.build
		tools\MSBuild.Community.Tasks.targets = tools\MSBuild.Community.Tasks.targets
		todo.txt = todo.txt
	EndProjectSection
EndProject
Project("{FAE04EC0-301F-11D3-BF4B-00C04F79EFBC}") = "CallWall.Core.UnitTests", "src\CallWall.Core.UnitTests\CallWall.Core.UnitTests.csproj", "{1FF86383-9A6D-4D45-A81D-94EFBD6DAE84}"
EndProject
Project("{FAE04EC0-301F-11D3-BF4B-00C04F79EFBC}") = "CallWall.Core", "src\CallWall.Core\CallWall.Core.csproj", "{ACA46894-EB1C-448B-92D2-24D003B26F07}"
EndProject
Project("{2150E333-8FDC-42A3-9474-1A3956D46DE8}") = "Tests", "Tests", "{F4E4C9DE-49C4-4C0D-B7A7-EED8FD92D2B2}"
EndProject
Project("{2150E333-8FDC-42A3-9474-1A3956D46DE8}") = ".nuget", ".nuget", "{ED891D2D-C7D7-4521-8C24-0F0BB438D571}"
	ProjectSection(SolutionItems) = preProject
		.nuget\NuGet.Config = .nuget\NuGet.Config
		.nuget\NuGet.exe = .nuget\NuGet.exe
		.nuget\NuGet.targets = .nuget\NuGet.targets
	EndProjectSection
EndProject
Project("{FAE04EC0-301F-11D3-BF4B-00C04F79EFBC}") = "CallWall.UnitTests", "src\CallWall.UnitTests\CallWall.UnitTests.csproj", "{578B0A79-92AC-49EE-A8D8-014F98AEEAA7}"
EndProject
Project("{FAE04EC0-301F-11D3-BF4B-00C04F79EFBC}") = "CallWall.Google", "src\CallWall.Google\CallWall.Google.csproj", "{62351821-7438-4898-987E-8DEBAB0D66EE}"
EndProject
Project("{FAE04EC0-301F-11D3-BF4B-00C04F79EFBC}") = "CallWall.FakeProvider", "src\CallWall.FakeProvider\CallWall.FakeProvider.csproj", "{54A13F98-B269-4235-8F67-EABB712176A4}"
EndProject
Project("{FAE04EC0-301F-11D3-BF4B-00C04F79EFBC}") = "CallWall.Google.UnitTests", "src\CallWall.Google.UnitTests\CallWall.Google.UnitTests.csproj", "{0EB323C0-8C83-42CE-97D8-C4722FF94C84}"
EndProject
Project("{FAE04EC0-301F-11D3-BF4B-00C04F79EFBC}") = "CallWall.Testing", "Src\CallWall.Testing\CallWall.Testing.csproj", "{9139A9AF-DC48-4650-87D2-0ECA65ABFB90}"
EndProject
Project("{2150E333-8FDC-42A3-9474-1A3956D46DE8}") = "Integration", "Integration", "{DA1D2787-9041-4B14-A214-FC943472524E}"
EndProject
Project("{2150E333-8FDC-42A3-9474-1A3956D46DE8}") = "Unit", "Unit", "{D1360393-E693-4B8C-B248-63AFBC37D96D}"
EndProject
Project("{FAE04EC0-301F-11D3-BF4B-00C04F79EFBC}") = "CallWall.Core.IntegrationTests", "src\CallWall.Core.IntegrationTests\CallWall.Core.IntegrationTests.csproj", "{6E842C42-536A-4051-B63A-96F0252C53E7}"
EndProject
Project("{FAE04EC0-301F-11D3-BF4B-00C04F79EFBC}") = "CallWall.Shell", "src\CallWall.Shell\CallWall.Shell.csproj", "{CE5E5740-C22A-49B2-99D6-63E01CD78F96}"
EndProject
Project("{FAE04EC0-301F-11D3-BF4B-00C04F79EFBC}") = "CallWall.Shell.UnitTests", "src\CallWall.Shell.UnitTests\CallWall.Shell.UnitTests.csproj", "{30544031-BE0B-4D6C-9731-4861DAA1A585}"
EndProject
Project("{FAE04EC0-301F-11D3-BF4B-00C04F79EFBC}") = "CallWall.IntegrationTests", "src\CallWall.IntegrationTests\CallWall.IntegrationTests.csproj", "{DCEC0E60-F3CB-4D40-B452-4E435CD79849}"
EndProject
Project("{FAE04EC0-301F-11D3-BF4B-00C04F79EFBC}") = "CallWall.Windows.Connectivity", "src\CallWall.Windows.Connectivity\CallWall.Windows.Connectivity.csproj", "{99C317FA-BB4D-47FA-9F33-8D0A4513E14E}"
EndProject
Project("{FAE04EC0-301F-11D3-BF4B-00C04F79EFBC}") = "CallWall.Windows.Connectivity.UnitTests", "src\CallWall.Windows.Connectivity.UnitTests\CallWall.Windows.Connectivity.UnitTests.csproj", "{6E355787-64CA-4211-B2B7-7838B7F875E1}"
EndProject
Global
	GlobalSection(SolutionConfigurationPlatforms) = preSolution
		Debug (with Fakes)|Any CPU = Debug (with Fakes)|Any CPU
		Debug|Any CPU = Debug|Any CPU
		Release|Any CPU = Release|Any CPU
	EndGlobalSection
	GlobalSection(ProjectConfigurationPlatforms) = postSolution
		{06D674A4-36F1-4FAB-B23C-FD4D0A0B7E57}.Debug (with Fakes)|Any CPU.ActiveCfg = Debug (with Fakes)|Any CPU
		{06D674A4-36F1-4FAB-B23C-FD4D0A0B7E57}.Debug (with Fakes)|Any CPU.Build.0 = Debug (with Fakes)|Any CPU
		{06D674A4-36F1-4FAB-B23C-FD4D0A0B7E57}.Debug|Any CPU.ActiveCfg = Debug|Any CPU
		{06D674A4-36F1-4FAB-B23C-FD4D0A0B7E57}.Debug|Any CPU.Build.0 = Debug|Any CPU
		{06D674A4-36F1-4FAB-B23C-FD4D0A0B7E57}.Release|Any CPU.ActiveCfg = Release|Any CPU
		{06D674A4-36F1-4FAB-B23C-FD4D0A0B7E57}.Release|Any CPU.Build.0 = Release|Any CPU
		{1FF86383-9A6D-4D45-A81D-94EFBD6DAE84}.Debug (with Fakes)|Any CPU.ActiveCfg = Debug (with Fakes)|Any CPU
		{1FF86383-9A6D-4D45-A81D-94EFBD6DAE84}.Debug (with Fakes)|Any CPU.Build.0 = Debug (with Fakes)|Any CPU
		{1FF86383-9A6D-4D45-A81D-94EFBD6DAE84}.Debug|Any CPU.ActiveCfg = Debug|Any CPU
		{1FF86383-9A6D-4D45-A81D-94EFBD6DAE84}.Debug|Any CPU.Build.0 = Debug|Any CPU
		{1FF86383-9A6D-4D45-A81D-94EFBD6DAE84}.Release|Any CPU.ActiveCfg = Release|Any CPU
		{1FF86383-9A6D-4D45-A81D-94EFBD6DAE84}.Release|Any CPU.Build.0 = Release|Any CPU
		{ACA46894-EB1C-448B-92D2-24D003B26F07}.Debug (with Fakes)|Any CPU.ActiveCfg = Debug (with Fakes)|Any CPU
		{ACA46894-EB1C-448B-92D2-24D003B26F07}.Debug (with Fakes)|Any CPU.Build.0 = Debug (with Fakes)|Any CPU
		{ACA46894-EB1C-448B-92D2-24D003B26F07}.Debug|Any CPU.ActiveCfg = Debug|Any CPU
		{ACA46894-EB1C-448B-92D2-24D003B26F07}.Debug|Any CPU.Build.0 = Debug|Any CPU
		{ACA46894-EB1C-448B-92D2-24D003B26F07}.Release|Any CPU.ActiveCfg = Release|Any CPU
		{ACA46894-EB1C-448B-92D2-24D003B26F07}.Release|Any CPU.Build.0 = Release|Any CPU
		{578B0A79-92AC-49EE-A8D8-014F98AEEAA7}.Debug (with Fakes)|Any CPU.ActiveCfg = Debug (with Fakes)|Any CPU
		{578B0A79-92AC-49EE-A8D8-014F98AEEAA7}.Debug (with Fakes)|Any CPU.Build.0 = Debug (with Fakes)|Any CPU
		{578B0A79-92AC-49EE-A8D8-014F98AEEAA7}.Debug|Any CPU.ActiveCfg = Debug|Any CPU
		{578B0A79-92AC-49EE-A8D8-014F98AEEAA7}.Debug|Any CPU.Build.0 = Debug|Any CPU
		{578B0A79-92AC-49EE-A8D8-014F98AEEAA7}.Release|Any CPU.ActiveCfg = Release|Any CPU
		{578B0A79-92AC-49EE-A8D8-014F98AEEAA7}.Release|Any CPU.Build.0 = Release|Any CPU
		{62351821-7438-4898-987E-8DEBAB0D66EE}.Debug (with Fakes)|Any CPU.ActiveCfg = Debug (with Fakes)|Any CPU
		{62351821-7438-4898-987E-8DEBAB0D66EE}.Debug (with Fakes)|Any CPU.Build.0 = Debug (with Fakes)|Any CPU
		{62351821-7438-4898-987E-8DEBAB0D66EE}.Debug|Any CPU.ActiveCfg = Debug|Any CPU
		{62351821-7438-4898-987E-8DEBAB0D66EE}.Debug|Any CPU.Build.0 = Debug|Any CPU
		{62351821-7438-4898-987E-8DEBAB0D66EE}.Release|Any CPU.ActiveCfg = Release|Any CPU
		{62351821-7438-4898-987E-8DEBAB0D66EE}.Release|Any CPU.Build.0 = Release|Any CPU
		{54A13F98-B269-4235-8F67-EABB712176A4}.Debug (with Fakes)|Any CPU.ActiveCfg = Debug (with Fakes)|Any CPU
		{54A13F98-B269-4235-8F67-EABB712176A4}.Debug (with Fakes)|Any CPU.Build.0 = Debug (with Fakes)|Any CPU
		{54A13F98-B269-4235-8F67-EABB712176A4}.Debug|Any CPU.ActiveCfg = Debug|Any CPU
		{54A13F98-B269-4235-8F67-EABB712176A4}.Debug|Any CPU.Build.0 = Debug|Any CPU
		{54A13F98-B269-4235-8F67-EABB712176A4}.Release|Any CPU.ActiveCfg = Release|Any CPU
		{54A13F98-B269-4235-8F67-EABB712176A4}.Release|Any CPU.Build.0 = Release|Any CPU
		{0EB323C0-8C83-42CE-97D8-C4722FF94C84}.Debug (with Fakes)|Any CPU.ActiveCfg = Debug (with Fakes)|Any CPU
		{0EB323C0-8C83-42CE-97D8-C4722FF94C84}.Debug (with Fakes)|Any CPU.Build.0 = Debug (with Fakes)|Any CPU
		{0EB323C0-8C83-42CE-97D8-C4722FF94C84}.Debug|Any CPU.ActiveCfg = Debug|Any CPU
		{0EB323C0-8C83-42CE-97D8-C4722FF94C84}.Debug|Any CPU.Build.0 = Debug|Any CPU
		{0EB323C0-8C83-42CE-97D8-C4722FF94C84}.Release|Any CPU.ActiveCfg = Release|Any CPU
		{0EB323C0-8C83-42CE-97D8-C4722FF94C84}.Release|Any CPU.Build.0 = Release|Any CPU
		{9139A9AF-DC48-4650-87D2-0ECA65ABFB90}.Debug (with Fakes)|Any CPU.ActiveCfg = Debug (with Fakes)|Any CPU
		{9139A9AF-DC48-4650-87D2-0ECA65ABFB90}.Debug (with Fakes)|Any CPU.Build.0 = Debug (with Fakes)|Any CPU
		{9139A9AF-DC48-4650-87D2-0ECA65ABFB90}.Debug|Any CPU.ActiveCfg = Debug|Any CPU
		{9139A9AF-DC48-4650-87D2-0ECA65ABFB90}.Debug|Any CPU.Build.0 = Debug|Any CPU
		{9139A9AF-DC48-4650-87D2-0ECA65ABFB90}.Release|Any CPU.ActiveCfg = Release|Any CPU
		{9139A9AF-DC48-4650-87D2-0ECA65ABFB90}.Release|Any CPU.Build.0 = Release|Any CPU
		{6E842C42-536A-4051-B63A-96F0252C53E7}.Debug (with Fakes)|Any CPU.ActiveCfg = Debug (with Fakes)|Any CPU
		{6E842C42-536A-4051-B63A-96F0252C53E7}.Debug (with Fakes)|Any CPU.Build.0 = Debug (with Fakes)|Any CPU
		{6E842C42-536A-4051-B63A-96F0252C53E7}.Debug|Any CPU.ActiveCfg = Debug|Any CPU
		{6E842C42-536A-4051-B63A-96F0252C53E7}.Debug|Any CPU.Build.0 = Debug|Any CPU
		{6E842C42-536A-4051-B63A-96F0252C53E7}.Release|Any CPU.ActiveCfg = Release|Any CPU
		{6E842C42-536A-4051-B63A-96F0252C53E7}.Release|Any CPU.Build.0 = Release|Any CPU
		{CE5E5740-C22A-49B2-99D6-63E01CD78F96}.Debug (with Fakes)|Any CPU.ActiveCfg = Debug (with Fakes)|Any CPU
		{CE5E5740-C22A-49B2-99D6-63E01CD78F96}.Debug (with Fakes)|Any CPU.Build.0 = Debug (with Fakes)|Any CPU
		{CE5E5740-C22A-49B2-99D6-63E01CD78F96}.Debug|Any CPU.ActiveCfg = Debug|Any CPU
		{CE5E5740-C22A-49B2-99D6-63E01CD78F96}.Debug|Any CPU.Build.0 = Debug|Any CPU
		{CE5E5740-C22A-49B2-99D6-63E01CD78F96}.Release|Any CPU.ActiveCfg = Release|Any CPU
		{CE5E5740-C22A-49B2-99D6-63E01CD78F96}.Release|Any CPU.Build.0 = Release|Any CPU
		{30544031-BE0B-4D6C-9731-4861DAA1A585}.Debug (with Fakes)|Any CPU.ActiveCfg = Debug (with Fakes)|Any CPU
		{30544031-BE0B-4D6C-9731-4861DAA1A585}.Debug (with Fakes)|Any CPU.Build.0 = Debug (with Fakes)|Any CPU
		{30544031-BE0B-4D6C-9731-4861DAA1A585}.Debug|Any CPU.ActiveCfg = Debug|Any CPU
		{30544031-BE0B-4D6C-9731-4861DAA1A585}.Debug|Any CPU.Build.0 = Debug|Any CPU
		{30544031-BE0B-4D6C-9731-4861DAA1A585}.Release|Any CPU.ActiveCfg = Release|Any CPU
		{30544031-BE0B-4D6C-9731-4861DAA1A585}.Release|Any CPU.Build.0 = Release|Any CPU
		{DCEC0E60-F3CB-4D40-B452-4E435CD79849}.Debug (with Fakes)|Any CPU.ActiveCfg = Debug (with Fakes)|Any CPU
		{DCEC0E60-F3CB-4D40-B452-4E435CD79849}.Debug (with Fakes)|Any CPU.Build.0 = Debug (with Fakes)|Any CPU
		{DCEC0E60-F3CB-4D40-B452-4E435CD79849}.Debug|Any CPU.ActiveCfg = Debug|Any CPU
		{DCEC0E60-F3CB-4D40-B452-4E435CD79849}.Debug|Any CPU.Build.0 = Debug|Any CPU
		{DCEC0E60-F3CB-4D40-B452-4E435CD79849}.Release|Any CPU.ActiveCfg = Release|Any CPU
		{DCEC0E60-F3CB-4D40-B452-4E435CD79849}.Release|Any CPU.Build.0 = Release|Any CPU
		{99C317FA-BB4D-47FA-9F33-8D0A4513E14E}.Debug (with Fakes)|Any CPU.ActiveCfg = Debug|Any CPU
		{99C317FA-BB4D-47FA-9F33-8D0A4513E14E}.Debug (with Fakes)|Any CPU.Build.0 = Debug|Any CPU
		{99C317FA-BB4D-47FA-9F33-8D0A4513E14E}.Debug|Any CPU.ActiveCfg = Debug|Any CPU
		{99C317FA-BB4D-47FA-9F33-8D0A4513E14E}.Debug|Any CPU.Build.0 = Debug|Any CPU
		{99C317FA-BB4D-47FA-9F33-8D0A4513E14E}.Release|Any CPU.ActiveCfg = Release|Any CPU
		{99C317FA-BB4D-47FA-9F33-8D0A4513E14E}.Release|Any CPU.Build.0 = Release|Any CPU
		{6E355787-64CA-4211-B2B7-7838B7F875E1}.Debug (with Fakes)|Any CPU.ActiveCfg = Debug|Any CPU
		{6E355787-64CA-4211-B2B7-7838B7F875E1}.Debug (with Fakes)|Any CPU.Build.0 = Debug|Any CPU
		{6E355787-64CA-4211-B2B7-7838B7F875E1}.Debug|Any CPU.ActiveCfg = Debug|Any CPU
		{6E355787-64CA-4211-B2B7-7838B7F875E1}.Debug|Any CPU.Build.0 = Debug|Any CPU
		{6E355787-64CA-4211-B2B7-7838B7F875E1}.Release|Any CPU.ActiveCfg = Release|Any CPU
		{6E355787-64CA-4211-B2B7-7838B7F875E1}.Release|Any CPU.Build.0 = Release|Any CPU
	EndGlobalSection
	GlobalSection(SolutionProperties) = preSolution
		HideSolutionNode = FALSE
	EndGlobalSection
	GlobalSection(NestedProjects) = preSolution
		{D1360393-E693-4B8C-B248-63AFBC37D96D} = {F4E4C9DE-49C4-4C0D-B7A7-EED8FD92D2B2}
		{9139A9AF-DC48-4650-87D2-0ECA65ABFB90} = {F4E4C9DE-49C4-4C0D-B7A7-EED8FD92D2B2}
		{DA1D2787-9041-4B14-A214-FC943472524E} = {F4E4C9DE-49C4-4C0D-B7A7-EED8FD92D2B2}
		{578B0A79-92AC-49EE-A8D8-014F98AEEAA7} = {D1360393-E693-4B8C-B248-63AFBC37D96D}
		{0EB323C0-8C83-42CE-97D8-C4722FF94C84} = {D1360393-E693-4B8C-B248-63AFBC37D96D}
		{1FF86383-9A6D-4D45-A81D-94EFBD6DAE84} = {D1360393-E693-4B8C-B248-63AFBC37D96D}
		{30544031-BE0B-4D6C-9731-4861DAA1A585} = {D1360393-E693-4B8C-B248-63AFBC37D96D}
		{6E355787-64CA-4211-B2B7-7838B7F875E1} = {D1360393-E693-4B8C-B248-63AFBC37D96D}
		{6E842C42-536A-4051-B63A-96F0252C53E7} = {DA1D2787-9041-4B14-A214-FC943472524E}
		{DCEC0E60-F3CB-4D40-B452-4E435CD79849} = {DA1D2787-9041-4B14-A214-FC943472524E}
	EndGlobalSection
	GlobalSection(ExtensibilityGlobals) = postSolution
		EnterpriseLibraryConfigurationToolBinariesPath = packages\Unity.2.1.505.2\lib\NET35
	EndGlobalSection
EndGlobal
